{
  "lockfile-version": 1,
  "manifest": {
    "version": 1,
    "install": {
      "r-with-packages": {
        "flake": "."
      },
      "rstudio": {
        "pkg-path": "rstudio"
      }
    },
    "vars": {
      "R_LIBS_SITE": "-",
      "R_LIBS_USER": "-",
      "R_PROFILE_USER": "/dev/null"
    },
    "hook": {
      "on-activate": ""
    },
    "profile": {},
    "options": {
      "systems": [
        "aarch64-darwin",
        "aarch64-linux",
        "x86_64-darwin",
        "x86_64-linux"
      ]
    }
  },
  "packages": [
    {
      "attr_path": "rstudio",
      "broken": false,
      "derivation": "/nix/store/yxg6lnriwpm2bfs0lmjsx1fyiygyrz6y-RStudio-2025.05.1+513.drv",
      "description": "Set of integrated tools for the R language",
      "install_id": "rstudio",
      "license": "AGPL-3.0-only",
      "locked_url": "https://github.com/flox/nixpkgs?rev=8eb28adfa3dc4de28e792e3bf49fcf9007ca8ac9",
      "name": "RStudio-2025.05.1+513",
      "pname": "rstudio",
      "rev": "8eb28adfa3dc4de28e792e3bf49fcf9007ca8ac9",
      "rev_count": 856926,
      "rev_date": "2025-09-05T10:37:24Z",
      "scrape_date": "2025-09-08T03:42:06.638317Z",
      "stabilities": [
        "unstable"
      ],
      "unfree": false,
      "version": "2025.05.1+513",
      "outputs_to_install": [
        "out"
      ],
      "outputs": {
        "out": "/nix/store/17q9qly45y5ppkccys1y3skcawy120jm-RStudio-2025.05.1+513"
      },
      "system": "aarch64-darwin",
      "group": "toplevel",
      "priority": 5
    },
    {
      "attr_path": "rstudio",
      "broken": false,
      "derivation": "/nix/store/9zli9gwsc113a7i7ynq91n6y1l5rydr0-RStudio-2025.05.1+513.drv",
      "description": "Set of integrated tools for the R language",
      "install_id": "rstudio",
      "license": "AGPL-3.0-only",
      "locked_url": "https://github.com/flox/nixpkgs?rev=8eb28adfa3dc4de28e792e3bf49fcf9007ca8ac9",
      "name": "RStudio-2025.05.1+513",
      "pname": "rstudio",
      "rev": "8eb28adfa3dc4de28e792e3bf49fcf9007ca8ac9",
      "rev_count": 856926,
      "rev_date": "2025-09-05T10:37:24Z",
      "scrape_date": "2025-09-08T03:54:19.481880Z",
      "stabilities": [
        "unstable"
      ],
      "unfree": false,
      "version": "2025.05.1+513",
      "outputs_to_install": [
        "out"
      ],
      "outputs": {
        "out": "/nix/store/qnwywyg2l5zxmqsd52hi32im2waflrnw-RStudio-2025.05.1+513"
      },
      "system": "aarch64-linux",
      "group": "toplevel",
      "priority": 5
    },
    {
      "attr_path": "rstudio",
      "broken": false,
      "derivation": "/nix/store/163aa1sg3mvr9jwf5jyw45in9b526gfm-RStudio-2025.05.1+513.drv",
      "description": "Set of integrated tools for the R language",
      "install_id": "rstudio",
      "license": "AGPL-3.0-only",
      "locked_url": "https://github.com/flox/nixpkgs?rev=8eb28adfa3dc4de28e792e3bf49fcf9007ca8ac9",
      "name": "RStudio-2025.05.1+513",
      "pname": "rstudio",
      "rev": "8eb28adfa3dc4de28e792e3bf49fcf9007ca8ac9",
      "rev_count": 856926,
      "rev_date": "2025-09-05T10:37:24Z",
      "scrape_date": "2025-09-08T04:23:34.873947Z",
      "stabilities": [
        "unstable"
      ],
      "unfree": false,
      "version": "2025.05.1+513",
      "outputs_to_install": [
        "out"
      ],
      "outputs": {
        "out": "/nix/store/b21irxfr4wc33cmfxsphc9s2zybcdslg-RStudio-2025.05.1+513"
      },
      "system": "x86_64-darwin",
      "group": "toplevel",
      "priority": 5
    },
    {
      "attr_path": "rstudio",
      "broken": false,
      "derivation": "/nix/store/jgdm1ncj7w95v4w70fcc6437nwpinn43-RStudio-2025.05.1+513.drv",
      "description": "Set of integrated tools for the R language",
      "install_id": "rstudio",
      "license": "AGPL-3.0-only",
      "locked_url": "https://github.com/flox/nixpkgs?rev=8eb28adfa3dc4de28e792e3bf49fcf9007ca8ac9",
      "name": "RStudio-2025.05.1+513",
      "pname": "rstudio",
      "rev": "8eb28adfa3dc4de28e792e3bf49fcf9007ca8ac9",
      "rev_count": 856926,
      "rev_date": "2025-09-05T10:37:24Z",
      "scrape_date": "2025-09-08T04:56:34.194249Z",
      "stabilities": [
        "unstable"
      ],
      "unfree": false,
      "version": "2025.05.1+513",
      "outputs_to_install": [
        "out"
      ],
      "outputs": {
        "out": "/nix/store/4rq6z1psn1c3djrv8vkw9sx7124000i3-RStudio-2025.05.1+513"
      },
      "system": "x86_64-linux",
      "group": "toplevel",
      "priority": 5
    },
    {
      "install_id": "r-with-packages",
      "locked-url": "git+file:///Users/price/development/camille/r-shiny-residency-interviews",
      "flake-description": "R Shiny environment with required packages",
      "locked-flake-attr-path": "packages.aarch64-darwin.default",
      "derivation": "/nix/store/2bdia94b5hs5z8b68zip4dd3wjxsb9l1-R-4.5.1-wrapper.drv",
      "outputs": {
        "out": "/nix/store/706h1ix0ijxds4g01dvnk6sci154x405-R-4.5.1-wrapper"
      },
      "output-names": [
        "out"
      ],
      "outputs-to-install": [
        "out"
      ],
      "requested-outputs-to-install": [],
      "package-system": "aarch64-darwin",
      "system": "aarch64-darwin",
      "name": "R-4.5.1-wrapper",
      "description": "Free software environment for statistical computing and graphics",
      "licenses": [
        "GPL-2.0-or-later"
      ],
      "broken": false,
      "unfree": false,
      "priority": 4
    },
    {
      "install_id": "r-with-packages",
      "locked-url": "git+file:///Users/price/development/camille/r-shiny-residency-interviews",
      "flake-description": "R Shiny environment with required packages",
      "locked-flake-attr-path": "packages.aarch64-linux.default",
      "derivation": "/nix/store/bidbbp2991ix65dmwrhmrpn44zkbj7yx-R-4.5.1-wrapper.drv",
      "outputs": {
        "out": "/nix/store/b2y6v394i69x968fs0l1n6iwk5cc6mih-R-4.5.1-wrapper"
      },
      "output-names": [
        "out"
      ],
      "outputs-to-install": [
        "out"
      ],
      "requested-outputs-to-install": [],
      "package-system": "aarch64-linux",
      "system": "aarch64-linux",
      "name": "R-4.5.1-wrapper",
      "description": "Free software environment for statistical computing and graphics",
      "licenses": [
        "GPL-2.0-or-later"
      ],
      "broken": false,
      "unfree": false,
      "priority": 4
    },
    {
      "install_id": "r-with-packages",
      "locked-url": "git+file:///Users/price/development/camille/r-shiny-residency-interviews",
      "flake-description": "R Shiny environment with required packages",
      "locked-flake-attr-path": "packages.x86_64-darwin.default",
      "derivation": "/nix/store/8ag7yy909j065a7b7pcpi5qnvyd5yp2v-R-4.5.1-wrapper.drv",
      "outputs": {
        "out": "/nix/store/0pm2wns6dasry40gkba5gzyl9k2xm0p8-R-4.5.1-wrapper"
      },
      "output-names": [
        "out"
      ],
      "outputs-to-install": [
        "out"
      ],
      "requested-outputs-to-install": [],
      "package-system": "x86_64-darwin",
      "system": "x86_64-darwin",
      "name": "R-4.5.1-wrapper",
      "description": "Free software environment for statistical computing and graphics",
      "licenses": [
        "GPL-2.0-or-later"
      ],
      "broken": false,
      "unfree": false,
      "priority": 4
    },
    {
      "install_id": "r-with-packages",
      "locked-url": "git+file:///Users/price/development/camille/r-shiny-residency-interviews",
      "flake-description": "R Shiny environment with required packages",
      "locked-flake-attr-path": "packages.x86_64-linux.default",
      "derivation": "/nix/store/ifs72vpmqhxb535wc9b22ccl0xk5haay-R-4.5.1-wrapper.drv",
      "outputs": {
        "out": "/nix/store/d7ki2agbnvja761axb018alz712pymzq-R-4.5.1-wrapper"
      },
      "output-names": [
        "out"
      ],
      "outputs-to-install": [
        "out"
      ],
      "requested-outputs-to-install": [],
      "package-system": "x86_64-linux",
      "system": "x86_64-linux",
      "name": "R-4.5.1-wrapper",
      "description": "Free software environment for statistical computing and graphics",
      "licenses": [
        "GPL-2.0-or-later"
      ],
      "broken": false,
      "unfree": false,
      "priority": 4
    }
  ]
}